// !$*UTF8*$!
{
	archiveVersion = 1;
	classes = {
	};
	objectVersion = 46;
	objects = {

/* Begin PBXBuildFile section */
		AF47EB45142A3C3E00719271 /* Complex.m in Sources */ = {isa = PBXBuildFile; fileRef = AF47EB44142A3C3E00719271 /* Complex.m */; };
		AFF367CD14283FF6003D450B /* Foundation.framework in Frameworks */ = {isa = PBXBuildFile; fileRef = AFF367CC14283FF6003D450B /* Foundation.framework */; };
		AFF367D014283FF6003D450B /* main.m in Sources */ = {isa = PBXBuildFile; fileRef = AFF367CF14283FF6003D450B /* main.m */; };
/* End PBXBuildFile section */

/* Begin PBXCopyFilesBuildPhase section */
		AFF367C614283FF6003D450B /* CopyFiles */ = {
			isa = PBXCopyFilesBuildPhase;
			buildActionMask = 2147483647;
			dstPath = /usr/share/man/man1/;
			dstSubfolderSpec = 0;
			files = (
			);
			runOnlyForDeploymentPostprocessing = 1;
		};
/* End PBXCopyFilesBuildPhase section */

/* Begin PBXFileReference section */
		AF47EB43142A3C3E00719271 /* Complex.h */ = {isa = PBXFileReference; fileEncoding = 4; lastKnownFileType = sourcecode.c.h; path = Complex.h; sourceTree = "<group>"; };
		AF47EB44142A3C3E00719271 /* Complex.m */ = {isa = PBXFileReference; fileEncoding = 4; lastKnownFileType = sourcecode.c.objc; path = Complex.m; sourceTree = "<group>"; };
		AFF367C814283FF6003D450B /* Complex */ = {isa = PBXFileReference; explicitFileType = "compiled.mach-o.executable"; includeInIndex = 0; path = Complex; sourceTree = BUILT_PRODUCTS_DIR; };
		AFF367CC14283FF6003D450B /* Foundation.framework */ = {isa = PBXFileReference; lastKnownFileType = wrapper.framework; name = Foundation.framework; path = System/Library/Frameworks/Foundation.framework; sourceTree = SDKROOT; };
		AFF367CF14283FF6003D450B /* main.m */ = {isa = PBXFileReference; lastKnownFileType = sourcecode.c.objc; path = main.m; sourceTree = "<group>"; };
		AFF367D214283FF6003D450B /* Complex-Prefix.pch */ = {isa = PBXFileReference; lastKnownFileType = sourcecode.c.h; path = "Complex-Prefix.pch"; sourceTree = "<group>"; };
		AFF367D314283FF6003D450B /* Complex.1 */ = {isa = PBXFileReference; lastKnownFileType = text.man; path = Complex.1; sourceTree = "<group>"; };
/* End PBXFileReference section */

/* Begin PBXFrameworksBuildPhase section */
		AFF367C514283FF6003D450B /* Frameworks */ = {
			isa = PBXFrameworksBuildPhase;
			buildActionMask = 2147483647;
			files = (
				AFF367CD14283FF6003D450B /* Foundation.framework in Frameworks */,
			);
			runOnlyForDeploymentPostprocessing = 0;
		};
/* End PBXFrameworksBuildPhase section */

/* Begin PBXGroup section */
		AFF367BD14283FF6003D450B = {
			isa = PBXGroup;
			children = (
				AFF367CE14283FF6003D450B /* Complex */,
				AFF367CB14283FF6003D450B /* Frameworks */,
				AFF367C914283FF6003D450B /* Products */,
			);
			sourceTree = "<group>";
		};
		AFF367C914283FF6003D450B /* Products */ = {
			isa = PBXGroup;
			children = (
				AFF367C814283FF6003D450B /* Complex */,
			);
			name = Products;
			sourceTree = "<group>";
		};
		AFF367CB14283FF6003D450B /* Frameworks */ = {
			isa = PBXGroup;
			children = (
				AFF367CC14283FF6003D450B /* Foundation.framework */,
			);
			name = Frameworks;
			sourceTree = "<group>";
		};
		AFF367CE14283FF6003D450B /* Complex */ = {
			isa = PBXGroup;
			children = (
				AFF367CF14283FF6003D450B /* main.m */,
				AF47EB43142A3C3E00719271 /* Complex.h */,
				AF47EB44142A3C3E00719271 /* Complex.m */,
				AFF367D314283FF6003D450B /* Complex.1 */,
				AFF367D114283FF6003D450B /* Supporting Files */,
			);
			path = Complex;
			sourceTree = "<group>";
		};
		AFF367D114283FF6003D450B /* Supporting Files */ = {
			isa = PBXGroup;
			children = (
				AFF367D214283FF6003D450B /* Complex-Prefix.pch */,
			);
			name = "Supporting Files";
			sourceTree = "<group>";
		};
/* End PBXGroup section */

/* Begin PBXNativeTarget section */
		AFF367C714283FF6003D450B /* Complex */ = {
			isa = PBXNativeTarget;
			buildConfigurationList = AFF367D614283FF6003D450B /* Build configuration list for PBXNativeTarget "Complex" */;
			buildPhases = (
				AFF367C414283FF6003D450B /* Sources */,
				AFF367C514283FF6003D450B /* Frameworks */,
				AFF367C614283FF6003D450B /* CopyFiles */,
			);
			buildRules = (
			);
			dependencies = (
			);
			name = Complex;
			productName = Complex;
			productReference = AFF367C814283FF6003D450B /* Complex */;
			productType = "com.apple.product-type.tool";
		};
/* End PBXNativeTarget section */

/* Begin PBXProject section */
		AFF367BF14283FF6003D450B /* Project object */ = {
			isa = PBXProject;
			buildConfigurationList = AFF367C214283FF6003D450B /* Build configuration list for PBXProject "Complex" */;
			compatibilityVersion = "Xcode 3.2";
			developmentRegion = English;
			hasScannedForEncodings = 0;
			knownRegions = (
				en,
			);
			mainGroup = AFF367BD14283FF6003D450B;
			productRefGroup = AFF367C914283FF6003D450B /* Products */;
			projectDirPath = "";
			projectRoot = "";
			targets = (
				AFF367C714283FF6003D450B /* Complex */,
			);
		};
/* End PBXProject section */

/* Begin PBXSourcesBuildPhase section */
		AFF367C414283FF6003D450B /* Sources */ = {
			isa = PBXSourcesBuildPhase;
			buildActionMask = 2147483647;
			files = (
				AFF367D014283FF6003D450B /* main.m in Sources */,
				AF47EB45142A3C3E00719271 /* Complex.m in Sources */,
			);
			runOnlyForDeploymentPostprocessing = 0;
		};
/* End PBXSourcesBuildPhase section */

/* Begin XCBuildConfiguration section */
		AFF367D414283FF6003D450B /* Debug */ = {
			isa = XCBuildConfiguration;
			buildSettings = {
				ARCHS = "$(ARCHS_STANDARD_32_64_BIT)";
				GCC_C_LANGUAGE_STANDARD = gnu99;
				GCC_OPTIMIZATION_LEVEL = 0;
				GCC_PREPROCESSOR_DEFINITIONS = DEBUG;
				GCC_SYMBOLS_PRIVATE_EXTERN = NO;
				GCC_VERSION = com.apple.compilers.llvm.clang.1_0;
				GCC_WARN_64_TO_32_BIT_CONVERSION = YES;
				GCC_WARN_ABOUT_RETURN_TYPE = YES;
				GCC_WARN_UNUSED_VARIABLE = YES;
				MACOSX_DEPLOYMENT_TARGET = 10.6;
				ONLY_ACTIVE_ARCH = YES;
				SDKROOT = macosx;
			};
			name = Debug;
		};
		AFF367D514283FF6003D450B /* Release */ = {
			isa = XCBuildConfiguration;
			buildSettings = {
				ARCHS = "$(ARCHS_STANDARD_32_64_BIT)";
				GCC_C_LANGUAGE_STANDARD = gnu99;
				GCC_VERSION = com.apple.compilers.llvm.clang.1_0;
				GCC_WARN_64_TO_32_BIT_CONVERSION = YES;
				GCC_WARN_ABOUT_RETURN_TYPE = YES;
				GCC_WARN_UNUSED_VARIABLE = YES;
				MACOSX_DEPLOYMENT_TARGET = 10.6;
				SDKROOT = macosx;
			};
			name = Release;
		};
		AFF367D714283FF6003D450B /* Debug */ = {
			isa = XCBuildConfiguration;
			buildSettings = {
				ALWAYS_SEARCH_USER_PATHS = NO;
				COPY_PHASE_STRIP = NO;
				GCC_DYNAMIC_NO_PIC = NO;
				GCC_ENABLE_OBJC_EXCEPTIONS = YES;
				GCC_PRECOMPILE_PREFIX_HEADER = YES;
				GCC_PREFIX_HEADER = "Complex/Complex-Prefix.pch";
				PRODUCT_NAME = "$(TARGET_NAME)";
			};
			name = Debug;
		};
		AFF367D814283FF6003D450B /* Release */ = {
			isa = XCBuildConfiguration;
			buildSettings = {
				ALWAYS_SEARCH_USER_PATHS = NO;
				COPY_PHASE_STRIP = YES;
				DEBUG_INFORMATION_FORMAT = "dwarf-with-dsym";
				GCC_ENABLE_OBJC_EXCEPTIONS = YES;
				GCC_PRECOMPILE_PREFIX_HEADER = YES;
				GCC_PREFIX_HEADER = "Complex/Complex-Prefix.pch";
				PRODUCT_NAME = "$(TARGET_NAME)";
			};
			name = Release;
		};
/* End XCBuildConfiguration section */

/* Begin XCConfigurationList section */
		AFF367C214283FF6003D450B /* Build configuration list for PBXProject "Complex" */ = {
			isa = XCConfigurationList;
			buildConfigurations = (
				AFF367D414283FF6003D450B /* Debug */,
				AFF367D514283FF6003D450B /* Release */,
			);
			defaultConfigurationIsVisible = 0;
			defaultConfigurationName = Release;
		};
		AFF367D614283FF6003D450B /* Build configuration list for PBXNativeTarget "Complex" */ = {
			isa = XCConfigurationList;
			buildConfigurations = (
				AFF367D714283FF6003D450B /* Debug */,
				AFF367D814283FF6003D450B /* Release */,
			);
			defaultConfigurationIsVisible = 0;
			defaultConfigurationName = Release;
		};
/* End XCConfigurationList section */
	};
	rootObject = AFF367BF14283FF6003D450B /* Project object */;
}
