// !$*UTF8*$!
{
	archiveVersion = 1;
	classes = {
	};
	objectVersion = 46;
	objects = {

/* Begin PBXBuildFile section */
		AFDE12751428E2C6002D5587 /* Foundation.framework in Frameworks */ = {isa = PBXBuildFile; fileRef = AFDE12741428E2C6002D5587 /* Foundation.framework */; };
		AFDE12781428E2C6002D5587 /* main.m in Sources */ = {isa = PBXBuildFile; fileRef = AFDE12771428E2C6002D5587 /* main.m */; };
/* End PBXBuildFile section */

/* Begin PBXCopyFilesBuildPhase section */
		AFDE126E1428E2C6002D5587 /* CopyFiles */ = {
			isa = PBXCopyFilesBuildPhase;
			buildActionMask = 2147483647;
			dstPath = /usr/share/man/man1/;
			dstSubfolderSpec = 0;
			files = (
			);
			runOnlyForDeploymentPostprocessing = 1;
		};
/* End PBXCopyFilesBuildPhase section */

/* Begin PBXFileReference section */
		AFDE12701428E2C6002D5587 /* Test */ = {isa = PBXFileReference; explicitFileType = "compiled.mach-o.executable"; includeInIndex = 0; path = Test; sourceTree = BUILT_PRODUCTS_DIR; };
		AFDE12741428E2C6002D5587 /* Foundation.framework */ = {isa = PBXFileReference; lastKnownFileType = wrapper.framework; name = Foundation.framework; path = System/Library/Frameworks/Foundation.framework; sourceTree = SDKROOT; };
		AFDE12771428E2C6002D5587 /* main.m */ = {isa = PBXFileReference; lastKnownFileType = sourcecode.c.objc; path = main.m; sourceTree = "<group>"; };
		AFDE127A1428E2C6002D5587 /* Test-Prefix.pch */ = {isa = PBXFileReference; lastKnownFileType = sourcecode.c.h; path = "Test-Prefix.pch"; sourceTree = "<group>"; };
		AFDE127B1428E2C6002D5587 /* Test.1 */ = {isa = PBXFileReference; lastKnownFileType = text.man; path = Test.1; sourceTree = "<group>"; };
/* End PBXFileReference section */

/* Begin PBXFrameworksBuildPhase section */
		AFDE126D1428E2C6002D5587 /* Frameworks */ = {
			isa = PBXFrameworksBuildPhase;
			buildActionMask = 2147483647;
			files = (
				AFDE12751428E2C6002D5587 /* Foundation.framework in Frameworks */,
			);
			runOnlyForDeploymentPostprocessing = 0;
		};
/* End PBXFrameworksBuildPhase section */

/* Begin PBXGroup section */
		AFDE12651428E2C6002D5587 = {
			isa = PBXGroup;
			children = (
				AFDE12761428E2C6002D5587 /* Test */,
				AFDE12731428E2C6002D5587 /* Frameworks */,
				AFDE12711428E2C6002D5587 /* Products */,
			);
			sourceTree = "<group>";
		};
		AFDE12711428E2C6002D5587 /* Products */ = {
			isa = PBXGroup;
			children = (
				AFDE12701428E2C6002D5587 /* Test */,
			);
			name = Products;
			sourceTree = "<group>";
		};
		AFDE12731428E2C6002D5587 /* Frameworks */ = {
			isa = PBXGroup;
			children = (
				AFDE12741428E2C6002D5587 /* Foundation.framework */,
			);
			name = Frameworks;
			sourceTree = "<group>";
		};
		AFDE12761428E2C6002D5587 /* Test */ = {
			isa = PBXGroup;
			children = (
				AFDE12771428E2C6002D5587 /* main.m */,
				AFDE127B1428E2C6002D5587 /* Test.1 */,
				AFDE12791428E2C6002D5587 /* Supporting Files */,
			);
			path = Test;
			sourceTree = "<group>";
		};
		AFDE12791428E2C6002D5587 /* Supporting Files */ = {
			isa = PBXGroup;
			children = (
				AFDE127A1428E2C6002D5587 /* Test-Prefix.pch */,
			);
			name = "Supporting Files";
			sourceTree = "<group>";
		};
/* End PBXGroup section */

/* Begin PBXNativeTarget section */
		AFDE126F1428E2C6002D5587 /* Test */ = {
			isa = PBXNativeTarget;
			buildConfigurationList = AFDE127E1428E2C6002D5587 /* Build configuration list for PBXNativeTarget "Test" */;
			buildPhases = (
				AFDE126C1428E2C6002D5587 /* Sources */,
				AFDE126D1428E2C6002D5587 /* Frameworks */,
				AFDE126E1428E2C6002D5587 /* CopyFiles */,
			);
			buildRules = (
			);
			dependencies = (
			);
			name = Test;
			productName = Test;
			productReference = AFDE12701428E2C6002D5587 /* Test */;
			productType = "com.apple.product-type.tool";
		};
/* End PBXNativeTarget section */

/* Begin PBXProject section */
		AFDE12671428E2C6002D5587 /* Project object */ = {
			isa = PBXProject;
			attributes = {
				LastUpgradeCheck = 0420;
			};
			buildConfigurationList = AFDE126A1428E2C6002D5587 /* Build configuration list for PBXProject "Test" */;
			compatibilityVersion = "Xcode 3.2";
			developmentRegion = English;
			hasScannedForEncodings = 0;
			knownRegions = (
				en,
			);
			mainGroup = AFDE12651428E2C6002D5587;
			productRefGroup = AFDE12711428E2C6002D5587 /* Products */;
			projectDirPath = "";
			projectRoot = "";
			targets = (
				AFDE126F1428E2C6002D5587 /* Test */,
			);
		};
/* End PBXProject section */

/* Begin PBXSourcesBuildPhase section */
		AFDE126C1428E2C6002D5587 /* Sources */ = {
			isa = PBXSourcesBuildPhase;
			buildActionMask = 2147483647;
			files = (
				AFDE12781428E2C6002D5587 /* main.m in Sources */,
			);
			runOnlyForDeploymentPostprocessing = 0;
		};
/* End PBXSourcesBuildPhase section */

/* Begin XCBuildConfiguration section */
		AFDE127C1428E2C6002D5587 /* Debug */ = {
			isa = XCBuildConfiguration;
			buildSettings = {
				ARCHS = "$(ARCHS_STANDARD_32_64_BIT)";
				GCC_C_LANGUAGE_STANDARD = gnu99;
				GCC_OPTIMIZATION_LEVEL = 0;
				GCC_PREPROCESSOR_DEFINITIONS = DEBUG;
				GCC_SYMBOLS_PRIVATE_EXTERN = NO;
				GCC_VERSION = com.apple.compilers.llvm.clang.1_0;
				GCC_WARN_64_TO_32_BIT_CONVERSION = YES;
				GCC_WARN_ABOUT_RETURN_TYPE = YES;
				GCC_WARN_UNUSED_VARIABLE = YES;
				MACOSX_DEPLOYMENT_TARGET = 10.6;
				ONLY_ACTIVE_ARCH = YES;
				SDKROOT = macosx;
			};
			name = Debug;
		};
		AFDE127D1428E2C6002D5587 /* Release */ = {
			isa = XCBuildConfiguration;
			buildSettings = {
				ARCHS = "$(ARCHS_STANDARD_32_64_BIT)";
				GCC_C_LANGUAGE_STANDARD = gnu99;
				GCC_VERSION = com.apple.compilers.llvm.clang.1_0;
				GCC_WARN_64_TO_32_BIT_CONVERSION = YES;
				GCC_WARN_ABOUT_RETURN_TYPE = YES;
				GCC_WARN_UNUSED_VARIABLE = YES;
				MACOSX_DEPLOYMENT_TARGET = 10.6;
				SDKROOT = macosx;
			};
			name = Release;
		};
		AFDE127F1428E2C6002D5587 /* Debug */ = {
			isa = XCBuildConfiguration;
			buildSettings = {
				ALWAYS_SEARCH_USER_PATHS = NO;
				COPY_PHASE_STRIP = NO;
				GCC_DYNAMIC_NO_PIC = NO;
				GCC_ENABLE_OBJC_EXCEPTIONS = YES;
				GCC_PRECOMPILE_PREFIX_HEADER = YES;
				GCC_PREFIX_HEADER = "Test/Test-Prefix.pch";
				PRODUCT_NAME = "$(TARGET_NAME)";
			};
			name = Debug;
		};
		AFDE12801428E2C6002D5587 /* Release */ = {
			isa = XCBuildConfiguration;
			buildSettings = {
				ALWAYS_SEARCH_USER_PATHS = NO;
				COPY_PHASE_STRIP = YES;
				DEBUG_INFORMATION_FORMAT = "dwarf-with-dsym";
				GCC_ENABLE_OBJC_EXCEPTIONS = YES;
				GCC_PRECOMPILE_PREFIX_HEADER = YES;
				GCC_PREFIX_HEADER = "Test/Test-Prefix.pch";
				PRODUCT_NAME = "$(TARGET_NAME)";
			};
			name = Release;
		};
/* End XCBuildConfiguration section */

/* Begin XCConfigurationList section */
		AFDE126A1428E2C6002D5587 /* Build configuration list for PBXProject "Test" */ = {
			isa = XCConfigurationList;
			buildConfigurations = (
				AFDE127C1428E2C6002D5587 /* Debug */,
				AFDE127D1428E2C6002D5587 /* Release */,
			);
			defaultConfigurationIsVisible = 0;
			defaultConfigurationName = Release;
		};
		AFDE127E1428E2C6002D5587 /* Build configuration list for PBXNativeTarget "Test" */ = {
			isa = XCConfigurationList;
			buildConfigurations = (
				AFDE127F1428E2C6002D5587 /* Debug */,
				AFDE12801428E2C6002D5587 /* Release */,
			);
			defaultConfigurationIsVisible = 0;
			defaultConfigurationName = Release;
		};
/* End XCConfigurationList section */
	};
	rootObject = AFDE12671428E2C6002D5587 /* Project object */;
}
